
Microsoft Visual Studio Solution File, Format Version 12.00
# Visual Studio 14
VisualStudioVersion = 14.0.24720.0
MinimumVisualStudioVersion = 10.0.40219.1
Project("{F14B399A-7131-4C87-9E4B-1186C45EF12D}") = "ReportingS_Project", "F:\BD51\G05_KONZI_KONATE_TASSEMBEDO\ser cre gio\SSRS Reporting\ReportingS_Project.rptproj", "{91633BE8-1431-4DDD-8C83-0B1869A78C6A}"
EndProject
Global
	GlobalSection(SolutionConfigurationPlatforms) = preSolution
		Debug|Default = Debug|Default
		DebugLocal|Default = DebugLocal|Default
		Release|Default = Release|Default
	EndGlobalSection
	GlobalSection(ProjectConfigurationPlatforms) = postSolution
		{91633BE8-1431-4DDD-8C83-0B1869A78C6A}.Debug|Default.ActiveCfg = Debug
		{91633BE8-1431-4DDD-8C83-0B1869A78C6A}.Debug|Default.Build.0 = Debug
		{91633BE8-1431-4DDD-8C83-0B1869A78C6A}.Debug|Default.Deploy.0 = Debug
		{91633BE8-1431-4DDD-8C83-0B1869A78C6A}.DebugLocal|Default.ActiveCfg = DebugLocal
		{91633BE8-1431-4DDD-8C83-0B1869A78C6A}.DebugLocal|Default.Build.0 = DebugLocal
		{91633BE8-1431-4DDD-8C83-0B1869A78C6A}.Release|Default.ActiveCfg = Release
		{91633BE8-1431-4DDD-8C83-0B1869A78C6A}.Release|Default.Build.0 = Release
		{91633BE8-1431-4DDD-8C83-0B1869A78C6A}.Release|Default.Deploy.0 = Release
	EndGlobalSection
	GlobalSection(SolutionProperties) = preSolution
		HideSolutionNode = FALSE
	EndGlobalSection
EndGlobal
