
Microsoft Visual Studio Solution File, Format Version 12.00
# Visual Studio 14
VisualStudioVersion = 14.0.24720.0
MinimumVisualStudioVersion = 10.0.40219.1
Project("{D2ABAB84-BF74-430A-B69E-9DC6D40DDA17}") = "BD51ProjetN", "BD51ProjetN.dwproj", "{88F7AEC5-9154-43AA-B445-C4353216187A}"
EndProject
Global
	GlobalSection(SolutionConfigurationPlatforms) = preSolution
		Development|Default = Development|Default
	EndGlobalSection
	GlobalSection(ProjectConfigurationPlatforms) = postSolution
		{88F7AEC5-9154-43AA-B445-C4353216187A}.Development|Default.ActiveCfg = Development
		{88F7AEC5-9154-43AA-B445-C4353216187A}.Development|Default.Build.0 = Development
		{88F7AEC5-9154-43AA-B445-C4353216187A}.Development|Default.Deploy.0 = Development
	EndGlobalSection
	GlobalSection(SolutionProperties) = preSolution
		HideSolutionNode = FALSE
	EndGlobalSection
EndGlobal
